
Microsoft Visual Studio Solution File, Format Version 12.00
# Visual Studio 2013
VisualStudioVersion = 12.0.30501.0
MinimumVisualStudioVersion = 10.0.40219.1
Project("{8BC9CEB8-8B4A-11D0-8D11-00A0C91BC942}") = "Tutorial", "Tutorial\Tutorial.vcxproj", "{5BDAFCFD-E34B-4C0C-AF7A-F6534983F3F9}"
	ProjectSection(ProjectDependencies) = postProject
		{B5D51506-337F-4721-A665-4E107D0A657D} = {B5D51506-337F-4721-A665-4E107D0A657D}
		{0C804093-7F0A-4C2A-AD14-105F406E38F7} = {0C804093-7F0A-4C2A-AD14-105F406E38F7}
		{8B8799B2-F38F-48B5-80C6-8675B747B572} = {8B8799B2-F38F-48B5-80C6-8675B747B572}
	EndProjectSection
EndProject
Project("{8BC9CEB8-8B4A-11D0-8D11-00A0C91BC942}") = "Bullet3Collision", "..\..\bullet3-master\src\Bullet3Collision\Bullet3Collision.vcxproj", "{B5D51506-337F-4721-A665-4E107D0A657D}"
EndProject
Project("{8BC9CEB8-8B4A-11D0-8D11-00A0C91BC942}") = "Bullet3Common", "..\..\bullet3-master\src\Bullet3Common\Bullet3Common.vcxproj", "{8B8799B2-F38F-48B5-80C6-8675B747B572}"
EndProject
Project("{8BC9CEB8-8B4A-11D0-8D11-00A0C91BC942}") = "Bullet3Dynamics", "..\..\bullet3-master\src\Bullet3Dynamics\Bullet3Dynamics.vcxproj", "{0C804093-7F0A-4C2A-AD14-105F406E38F7}"
EndProject
Project("{8BC9CEB8-8B4A-11D0-8D11-00A0C91BC942}") = "BulletCollision", "..\..\bullet3-master\src\BulletCollision\BulletCollision.vcxproj", "{5756C072-6A9B-4AA0-B3FC-018D096C950A}"
EndProject
Project("{8BC9CEB8-8B4A-11D0-8D11-00A0C91BC942}") = "BulletDynamics", "..\..\bullet3-master\src\BulletDynamics\BulletDynamics.vcxproj", "{6DB2F300-CD1C-4814-A854-8EB5E92B531C}"
EndProject
Global
	GlobalSection(SolutionConfigurationPlatforms) = preSolution
		Debug|Win32 = Debug|Win32
		Debug|x64 = Debug|x64
		MinSizeRel|Win32 = MinSizeRel|Win32
		MinSizeRel|x64 = MinSizeRel|x64
		Release|Win32 = Release|Win32
		Release|x64 = Release|x64
		RelWithDebInfo|Win32 = RelWithDebInfo|Win32
		RelWithDebInfo|x64 = RelWithDebInfo|x64
	EndGlobalSection
	GlobalSection(ProjectConfigurationPlatforms) = postSolution
		{5BDAFCFD-E34B-4C0C-AF7A-F6534983F3F9}.Debug|Win32.ActiveCfg = Debug|Win32
		{5BDAFCFD-E34B-4C0C-AF7A-F6534983F3F9}.Debug|Win32.Build.0 = Debug|Win32
		{5BDAFCFD-E34B-4C0C-AF7A-F6534983F3F9}.Debug|x64.ActiveCfg = Debug|Win32
		{5BDAFCFD-E34B-4C0C-AF7A-F6534983F3F9}.MinSizeRel|Win32.ActiveCfg = Release|Win32
		{5BDAFCFD-E34B-4C0C-AF7A-F6534983F3F9}.MinSizeRel|Win32.Build.0 = Release|Win32
		{5BDAFCFD-E34B-4C0C-AF7A-F6534983F3F9}.MinSizeRel|x64.ActiveCfg = Release|Win32
		{5BDAFCFD-E34B-4C0C-AF7A-F6534983F3F9}.Release|Win32.ActiveCfg = Release|Win32
		{5BDAFCFD-E34B-4C0C-AF7A-F6534983F3F9}.Release|Win32.Build.0 = Release|Win32
		{5BDAFCFD-E34B-4C0C-AF7A-F6534983F3F9}.Release|x64.ActiveCfg = Release|Win32
		{5BDAFCFD-E34B-4C0C-AF7A-F6534983F3F9}.RelWithDebInfo|Win32.ActiveCfg = Release|Win32
		{5BDAFCFD-E34B-4C0C-AF7A-F6534983F3F9}.RelWithDebInfo|Win32.Build.0 = Release|Win32
		{5BDAFCFD-E34B-4C0C-AF7A-F6534983F3F9}.RelWithDebInfo|x64.ActiveCfg = Release|Win32
		{B5D51506-337F-4721-A665-4E107D0A657D}.Debug|Win32.ActiveCfg = Debug|Win32
		{B5D51506-337F-4721-A665-4E107D0A657D}.Debug|Win32.Build.0 = Debug|Win32
		{B5D51506-337F-4721-A665-4E107D0A657D}.Debug|x64.ActiveCfg = Debug|Win32
		{B5D51506-337F-4721-A665-4E107D0A657D}.MinSizeRel|Win32.ActiveCfg = MinSizeRel|Win32
		{B5D51506-337F-4721-A665-4E107D0A657D}.MinSizeRel|Win32.Build.0 = MinSizeRel|Win32
		{B5D51506-337F-4721-A665-4E107D0A657D}.MinSizeRel|x64.ActiveCfg = MinSizeRel|Win32
		{B5D51506-337F-4721-A665-4E107D0A657D}.Release|Win32.ActiveCfg = Release|Win32
		{B5D51506-337F-4721-A665-4E107D0A657D}.Release|Win32.Build.0 = Release|Win32
		{B5D51506-337F-4721-A665-4E107D0A657D}.Release|x64.ActiveCfg = Release|Win32
		{B5D51506-337F-4721-A665-4E107D0A657D}.RelWithDebInfo|Win32.ActiveCfg = RelWithDebInfo|Win32
		{B5D51506-337F-4721-A665-4E107D0A657D}.RelWithDebInfo|Win32.Build.0 = RelWithDebInfo|Win32
		{B5D51506-337F-4721-A665-4E107D0A657D}.RelWithDebInfo|x64.ActiveCfg = RelWithDebInfo|Win32
		{8B8799B2-F38F-48B5-80C6-8675B747B572}.Debug|Win32.ActiveCfg = Debug|Win32
		{8B8799B2-F38F-48B5-80C6-8675B747B572}.Debug|Win32.Build.0 = Debug|Win32
		{8B8799B2-F38F-48B5-80C6-8675B747B572}.Debug|x64.ActiveCfg = Debug|Win32
		{8B8799B2-F38F-48B5-80C6-8675B747B572}.MinSizeRel|Win32.ActiveCfg = MinSizeRel|Win32
		{8B8799B2-F38F-48B5-80C6-8675B747B572}.MinSizeRel|Win32.Build.0 = MinSizeRel|Win32
		{8B8799B2-F38F-48B5-80C6-8675B747B572}.MinSizeRel|x64.ActiveCfg = MinSizeRel|Win32
		{8B8799B2-F38F-48B5-80C6-8675B747B572}.Release|Win32.ActiveCfg = Release|Win32
		{8B8799B2-F38F-48B5-80C6-8675B747B572}.Release|Win32.Build.0 = Release|Win32
		{8B8799B2-F38F-48B5-80C6-8675B747B572}.Release|x64.ActiveCfg = Release|Win32
		{8B8799B2-F38F-48B5-80C6-8675B747B572}.RelWithDebInfo|Win32.ActiveCfg = RelWithDebInfo|Win32
		{8B8799B2-F38F-48B5-80C6-8675B747B572}.RelWithDebInfo|Win32.Build.0 = RelWithDebInfo|Win32
		{8B8799B2-F38F-48B5-80C6-8675B747B572}.RelWithDebInfo|x64.ActiveCfg = RelWithDebInfo|Win32
		{0C804093-7F0A-4C2A-AD14-105F406E38F7}.Debug|Win32.ActiveCfg = Debug|Win32
		{0C804093-7F0A-4C2A-AD14-105F406E38F7}.Debug|Win32.Build.0 = Debug|Win32
		{0C804093-7F0A-4C2A-AD14-105F406E38F7}.Debug|x64.ActiveCfg = Debug|Win32
		{0C804093-7F0A-4C2A-AD14-105F406E38F7}.MinSizeRel|Win32.ActiveCfg = MinSizeRel|Win32
		{0C804093-7F0A-4C2A-AD14-105F406E38F7}.MinSizeRel|Win32.Build.0 = MinSizeRel|Win32
		{0C804093-7F0A-4C2A-AD14-105F406E38F7}.MinSizeRel|x64.ActiveCfg = MinSizeRel|Win32
		{0C804093-7F0A-4C2A-AD14-105F406E38F7}.Release|Win32.ActiveCfg = Release|Win32
		{0C804093-7F0A-4C2A-AD14-105F406E38F7}.Release|Win32.Build.0 = Release|Win32
		{0C804093-7F0A-4C2A-AD14-105F406E38F7}.Release|x64.ActiveCfg = Release|Win32
		{0C804093-7F0A-4C2A-AD14-105F406E38F7}.RelWithDebInfo|Win32.ActiveCfg = RelWithDebInfo|Win32
		{0C804093-7F0A-4C2A-AD14-105F406E38F7}.RelWithDebInfo|Win32.Build.0 = RelWithDebInfo|Win32
		{0C804093-7F0A-4C2A-AD14-105F406E38F7}.RelWithDebInfo|x64.ActiveCfg = RelWithDebInfo|Win32
		{5756C072-6A9B-4AA0-B3FC-018D096C950A}.Debug|Win32.ActiveCfg = Debug|Win32
		{5756C072-6A9B-4AA0-B3FC-018D096C950A}.Debug|Win32.Build.0 = Debug|Win32
		{5756C072-6A9B-4AA0-B3FC-018D096C950A}.Debug|x64.ActiveCfg = Debug|Win32
		{5756C072-6A9B-4AA0-B3FC-018D096C950A}.MinSizeRel|Win32.ActiveCfg = MinSizeRel|Win32
		{5756C072-6A9B-4AA0-B3FC-018D096C950A}.MinSizeRel|Win32.Build.0 = MinSizeRel|Win32
		{5756C072-6A9B-4AA0-B3FC-018D096C950A}.MinSizeRel|x64.ActiveCfg = MinSizeRel|Win32
		{5756C072-6A9B-4AA0-B3FC-018D096C950A}.Release|Win32.ActiveCfg = Release|Win32
		{5756C072-6A9B-4AA0-B3FC-018D096C950A}.Release|Win32.Build.0 = Release|Win32
		{5756C072-6A9B-4AA0-B3FC-018D096C950A}.Release|x64.ActiveCfg = Release|Win32
		{5756C072-6A9B-4AA0-B3FC-018D096C950A}.RelWithDebInfo|Win32.ActiveCfg = RelWithDebInfo|Win32
		{5756C072-6A9B-4AA0-B3FC-018D096C950A}.RelWithDebInfo|Win32.Build.0 = RelWithDebInfo|Win32
		{5756C072-6A9B-4AA0-B3FC-018D096C950A}.RelWithDebInfo|x64.ActiveCfg = RelWithDebInfo|Win32
		{6DB2F300-CD1C-4814-A854-8EB5E92B531C}.Debug|Win32.ActiveCfg = Debug|Win32
		{6DB2F300-CD1C-4814-A854-8EB5E92B531C}.Debug|Win32.Build.0 = Debug|Win32
		{6DB2F300-CD1C-4814-A854-8EB5E92B531C}.Debug|x64.ActiveCfg = Debug|Win32
		{6DB2F300-CD1C-4814-A854-8EB5E92B531C}.MinSizeRel|Win32.ActiveCfg = MinSizeRel|Win32
		{6DB2F300-CD1C-4814-A854-8EB5E92B531C}.MinSizeRel|Win32.Build.0 = MinSizeRel|Win32
		{6DB2F300-CD1C-4814-A854-8EB5E92B531C}.MinSizeRel|x64.ActiveCfg = MinSizeRel|Win32
		{6DB2F300-CD1C-4814-A854-8EB5E92B531C}.Release|Win32.ActiveCfg = Release|Win32
		{6DB2F300-CD1C-4814-A854-8EB5E92B531C}.Release|Win32.Build.0 = Release|Win32
		{6DB2F300-CD1C-4814-A854-8EB5E92B531C}.Release|x64.ActiveCfg = Release|Win32
		{6DB2F300-CD1C-4814-A854-8EB5E92B531C}.RelWithDebInfo|Win32.ActiveCfg = RelWithDebInfo|Win32
		{6DB2F300-CD1C-4814-A854-8EB5E92B531C}.RelWithDebInfo|Win32.Build.0 = RelWithDebInfo|Win32
		{6DB2F300-CD1C-4814-A854-8EB5E92B531C}.RelWithDebInfo|x64.ActiveCfg = RelWithDebInfo|Win32
	EndGlobalSection
	GlobalSection(SolutionProperties) = preSolution
		HideSolutionNode = FALSE
	EndGlobalSection
EndGlobal
